<Solution>
  <Folder Name="/infra/">
    <File Path="infra\api_gateway.tf" />
    <File Path="infra\lambda.tf" />
    <File Path="infra\main.tf" />
    <File Path="infra\providers.tf" />
    <File Path="infra\variables.tf" />
  </Folder>
  <Folder Name="/src/">
    <Project Path="src/ImageProcessor.Lambda/ImageProcessor.Lambda.csproj" />
  </Folder>
</Solution>
